
Microsoft Visual Studio Solution File, Format Version 12.00
# Visual Studio Version 17
VisualStudioVersion = 17.0.31903.59
MinimumVisualStudioVersion = 10.0.40219.1
Project("{FAE04EC0-301F-11D3-BF4B-00C04F79EFBC}") = "CarZone.API", "CarZone.API\CarZone.API.csproj", "{712A384F-9330-48EA-BA99-81CFA2EC70B0}"
EndProject
Project("{FAE04EC0-301F-11D3-BF4B-00C04F79EFBC}") = "CarZone.Domain", "CarZone.Domain\CarZone.Domain.csproj", "{024D0626-7C9A-48C9-B12D-C4C2BDC5D772}"
EndProject
Project("{FAE04EC0-301F-11D3-BF4B-00C04F79EFBC}") = "CarZone.Application", "CarZone.Application\CarZone.Application.csproj", "{DB9AF1BE-8540-4EDB-B413-5571B4EE9064}"
EndProject
Project("{FAE04EC0-301F-11D3-BF4B-00C04F79EFBC}") = "CarZone.Infrastructure", "CarZone.Infrastructure\CarZone.Infrastructure.csproj", "{C6CB5CA9-CB27-4316-AA91-ED0A1EE4766E}"
EndProject
Global
	GlobalSection(SolutionConfigurationPlatforms) = preSolution
		Debug|Any CPU = Debug|Any CPU
		Debug|x64 = Debug|x64
		Debug|x86 = Debug|x86
		Release|Any CPU = Release|Any CPU
		Release|x64 = Release|x64
		Release|x86 = Release|x86
	EndGlobalSection
	GlobalSection(ProjectConfigurationPlatforms) = postSolution
		{712A384F-9330-48EA-BA99-81CFA2EC70B0}.Debug|Any CPU.ActiveCfg = Debug|Any CPU
		{712A384F-9330-48EA-BA99-81CFA2EC70B0}.Debug|Any CPU.Build.0 = Debug|Any CPU
		{712A384F-9330-48EA-BA99-81CFA2EC70B0}.Debug|x64.ActiveCfg = Debug|Any CPU
		{712A384F-9330-48EA-BA99-81CFA2EC70B0}.Debug|x64.Build.0 = Debug|Any CPU
		{712A384F-9330-48EA-BA99-81CFA2EC70B0}.Debug|x86.ActiveCfg = Debug|Any CPU
		{712A384F-9330-48EA-BA99-81CFA2EC70B0}.Debug|x86.Build.0 = Debug|Any CPU
		{712A384F-9330-48EA-BA99-81CFA2EC70B0}.Release|Any CPU.ActiveCfg = Release|Any CPU
		{712A384F-9330-48EA-BA99-81CFA2EC70B0}.Release|Any CPU.Build.0 = Release|Any CPU
		{712A384F-9330-48EA-BA99-81CFA2EC70B0}.Release|x64.ActiveCfg = Release|Any CPU
		{712A384F-9330-48EA-BA99-81CFA2EC70B0}.Release|x64.Build.0 = Release|Any CPU
		{712A384F-9330-48EA-BA99-81CFA2EC70B0}.Release|x86.ActiveCfg = Release|Any CPU
		{712A384F-9330-48EA-BA99-81CFA2EC70B0}.Release|x86.Build.0 = Release|Any CPU
		{024D0626-7C9A-48C9-B12D-C4C2BDC5D772}.Debug|Any CPU.ActiveCfg = Debug|Any CPU
		{024D0626-7C9A-48C9-B12D-C4C2BDC5D772}.Debug|Any CPU.Build.0 = Debug|Any CPU
		{024D0626-7C9A-48C9-B12D-C4C2BDC5D772}.Debug|x64.ActiveCfg = Debug|Any CPU
		{024D0626-7C9A-48C9-B12D-C4C2BDC5D772}.Debug|x64.Build.0 = Debug|Any CPU
		{024D0626-7C9A-48C9-B12D-C4C2BDC5D772}.Debug|x86.ActiveCfg = Debug|Any CPU
		{024D0626-7C9A-48C9-B12D-C4C2BDC5D772}.Debug|x86.Build.0 = Debug|Any CPU
		{024D0626-7C9A-48C9-B12D-C4C2BDC5D772}.Release|Any CPU.ActiveCfg = Release|Any CPU
		{024D0626-7C9A-48C9-B12D-C4C2BDC5D772}.Release|Any CPU.Build.0 = Release|Any CPU
		{024D0626-7C9A-48C9-B12D-C4C2BDC5D772}.Release|x64.ActiveCfg = Release|Any CPU
		{024D0626-7C9A-48C9-B12D-C4C2BDC5D772}.Release|x64.Build.0 = Release|Any CPU
		{024D0626-7C9A-48C9-B12D-C4C2BDC5D772}.Release|x86.ActiveCfg = Release|Any CPU
		{024D0626-7C9A-48C9-B12D-C4C2BDC5D772}.Release|x86.Build.0 = Release|Any CPU
		{DB9AF1BE-8540-4EDB-B413-5571B4EE9064}.Debug|Any CPU.ActiveCfg = Debug|Any CPU
		{DB9AF1BE-8540-4EDB-B413-5571B4EE9064}.Debug|Any CPU.Build.0 = Debug|Any CPU
		{DB9AF1BE-8540-4EDB-B413-5571B4EE9064}.Debug|x64.ActiveCfg = Debug|Any CPU
		{DB9AF1BE-8540-4EDB-B413-5571B4EE9064}.Debug|x64.Build.0 = Debug|Any CPU
		{DB9AF1BE-8540-4EDB-B413-5571B4EE9064}.Debug|x86.ActiveCfg = Debug|Any CPU
		{DB9AF1BE-8540-4EDB-B413-5571B4EE9064}.Debug|x86.Build.0 = Debug|Any CPU
		{DB9AF1BE-8540-4EDB-B413-5571B4EE9064}.Release|Any CPU.ActiveCfg = Release|Any CPU
		{DB9AF1BE-8540-4EDB-B413-5571B4EE9064}.Release|Any CPU.Build.0 = Release|Any CPU
		{DB9AF1BE-8540-4EDB-B413-5571B4EE9064}.Release|x64.ActiveCfg = Release|Any CPU
		{DB9AF1BE-8540-4EDB-B413-5571B4EE9064}.Release|x64.Build.0 = Release|Any CPU
		{DB9AF1BE-8540-4EDB-B413-5571B4EE9064}.Release|x86.ActiveCfg = Release|Any CPU
		{DB9AF1BE-8540-4EDB-B413-5571B4EE9064}.Release|x86.Build.0 = Release|Any CPU
		{C6CB5CA9-CB27-4316-AA91-ED0A1EE4766E}.Debug|Any CPU.ActiveCfg = Debug|Any CPU
		{C6CB5CA9-CB27-4316-AA91-ED0A1EE4766E}.Debug|Any CPU.Build.0 = Debug|Any CPU
		{C6CB5CA9-CB27-4316-AA91-ED0A1EE4766E}.Debug|x64.ActiveCfg = Debug|Any CPU
		{C6CB5CA9-CB27-4316-AA91-ED0A1EE4766E}.Debug|x64.Build.0 = Debug|Any CPU
		{C6CB5CA9-CB27-4316-AA91-ED0A1EE4766E}.Debug|x86.ActiveCfg = Debug|Any CPU
		{C6CB5CA9-CB27-4316-AA91-ED0A1EE4766E}.Debug|x86.Build.0 = Debug|Any CPU
		{C6CB5CA9-CB27-4316-AA91-ED0A1EE4766E}.Release|Any CPU.ActiveCfg = Release|Any CPU
		{C6CB5CA9-CB27-4316-AA91-ED0A1EE4766E}.Release|Any CPU.Build.0 = Release|Any CPU
		{C6CB5CA9-CB27-4316-AA91-ED0A1EE4766E}.Release|x64.ActiveCfg = Release|Any CPU
		{C6CB5CA9-CB27-4316-AA91-ED0A1EE4766E}.Release|x64.Build.0 = Release|Any CPU
		{C6CB5CA9-CB27-4316-AA91-ED0A1EE4766E}.Release|x86.ActiveCfg = Release|Any CPU
		{C6CB5CA9-CB27-4316-AA91-ED0A1EE4766E}.Release|x86.Build.0 = Release|Any CPU
	EndGlobalSection
	GlobalSection(SolutionProperties) = preSolution
		HideSolutionNode = FALSE
	EndGlobalSection
EndGlobal
